
Microsoft Visual Studio Solution File, Format Version 12.00
# Visual Studio Version 17
VisualStudioVersion = 17.6.33723.286
MinimumVisualStudioVersion = 10.0.40219.1
Project("{FAE04EC0-301F-11D3-BF4B-00C04F79EFBC}") = "p2pchat", "p2pchat.csproj", "{93311F8E-5C14-4937-8378-C17A99D25528}"
EndProject
Global
	GlobalSection(SolutionConfigurationPlatforms) = preSolution
		Debug|Any CPU = Debug|Any CPU
		Release|Any CPU = Release|Any CPU
	EndGlobalSection
	GlobalSection(ProjectConfigurationPlatforms) = postSolution
		{93311F8E-5C14-4937-8378-C17A99D25528}.Debug|Any CPU.ActiveCfg = Debug|Any CPU
		{93311F8E-5C14-4937-8378-C17A99D25528}.Debug|Any CPU.Build.0 = Debug|Any CPU
		{93311F8E-5C14-4937-8378-C17A99D25528}.Release|Any CPU.ActiveCfg = Release|Any CPU
		{93311F8E-5C14-4937-8378-C17A99D25528}.Release|Any CPU.Build.0 = Release|Any CPU
	EndGlobalSection
	GlobalSection(SolutionProperties) = preSolution
		HideSolutionNode = FALSE
	EndGlobalSection
	GlobalSection(ExtensibilityGlobals) = postSolution
		SolutionGuid = {574AD3FB-2D5B-45B4-882A-911CD1E5980F}
	EndGlobalSection
EndGlobal
